
Microsoft Visual Studio Solution File, Format Version 12.00
# Visual Studio Version 17
VisualStudioVersion = 17.1.32407.343
MinimumVisualStudioVersion = 10.0.40219.1
Project("{FAE04EC0-301F-11D3-BF4B-00C04F79EFBC}") = "KFC", "KFC\KFC.csproj", "{28863D32-7E8C-450C-998E-EA6EDE69ABE1}"
EndProject
Global
	GlobalSection(SolutionConfigurationPlatforms) = preSolution
		Debug|Any CPU = Debug|Any CPU
		Release|Any CPU = Release|Any CPU
	EndGlobalSection
	GlobalSection(ProjectConfigurationPlatforms) = postSolution
		{28863D32-7E8C-450C-998E-EA6EDE69ABE1}.Debug|Any CPU.ActiveCfg = Debug|Any CPU
		{28863D32-7E8C-450C-998E-EA6EDE69ABE1}.Debug|Any CPU.Build.0 = Debug|Any CPU
		{28863D32-7E8C-450C-998E-EA6EDE69ABE1}.Release|Any CPU.ActiveCfg = Release|Any CPU
		{28863D32-7E8C-450C-998E-EA6EDE69ABE1}.Release|Any CPU.Build.0 = Release|Any CPU
	EndGlobalSection
	GlobalSection(SolutionProperties) = preSolution
		HideSolutionNode = FALSE
	EndGlobalSection
	GlobalSection(ExtensibilityGlobals) = postSolution
		SolutionGuid = {A04B31B7-03A5-4486-A543-BAAE5CA3B18F}
	EndGlobalSection
EndGlobal
